
Microsoft Visual Studio Solution File, Format Version 12.00
# Visual Studio 15
VisualStudioVersion = 15.0.26124.0
MinimumVisualStudioVersion = 15.0.26124.0
Project("{FAE04EC0-301F-11D3-BF4B-00C04F79EFBC}") = "StreamTest", "StreamTest\StreamTest.csproj", "{CC72A88E-13A5-4E2F-9AE6-54C4F63E8EBC}"
EndProject
Project("{FAE04EC0-301F-11D3-BF4B-00C04F79EFBC}") = "AdapterTest", "AdapterTest\AdapterTest.csproj", "{A662CF38-C0B9-47E5-9F97-33A2E6E4D644}"
EndProject
Global
	GlobalSection(SolutionConfigurationPlatforms) = preSolution
		Debug|Any CPU = Debug|Any CPU
		Debug|x64 = Debug|x64
		Debug|x86 = Debug|x86
		Release|Any CPU = Release|Any CPU
		Release|x64 = Release|x64
		Release|x86 = Release|x86
	EndGlobalSection
	GlobalSection(SolutionProperties) = preSolution
		HideSolutionNode = FALSE
	EndGlobalSection
	GlobalSection(ProjectConfigurationPlatforms) = postSolution
		{CC72A88E-13A5-4E2F-9AE6-54C4F63E8EBC}.Debug|Any CPU.ActiveCfg = Debug|Any CPU
		{CC72A88E-13A5-4E2F-9AE6-54C4F63E8EBC}.Debug|Any CPU.Build.0 = Debug|Any CPU
		{CC72A88E-13A5-4E2F-9AE6-54C4F63E8EBC}.Debug|x64.ActiveCfg = Debug|Any CPU
		{CC72A88E-13A5-4E2F-9AE6-54C4F63E8EBC}.Debug|x64.Build.0 = Debug|Any CPU
		{CC72A88E-13A5-4E2F-9AE6-54C4F63E8EBC}.Debug|x86.ActiveCfg = Debug|Any CPU
		{CC72A88E-13A5-4E2F-9AE6-54C4F63E8EBC}.Debug|x86.Build.0 = Debug|Any CPU
		{CC72A88E-13A5-4E2F-9AE6-54C4F63E8EBC}.Release|Any CPU.ActiveCfg = Release|Any CPU
		{CC72A88E-13A5-4E2F-9AE6-54C4F63E8EBC}.Release|Any CPU.Build.0 = Release|Any CPU
		{CC72A88E-13A5-4E2F-9AE6-54C4F63E8EBC}.Release|x64.ActiveCfg = Release|Any CPU
		{CC72A88E-13A5-4E2F-9AE6-54C4F63E8EBC}.Release|x64.Build.0 = Release|Any CPU
		{CC72A88E-13A5-4E2F-9AE6-54C4F63E8EBC}.Release|x86.ActiveCfg = Release|Any CPU
		{CC72A88E-13A5-4E2F-9AE6-54C4F63E8EBC}.Release|x86.Build.0 = Release|Any CPU
		{A662CF38-C0B9-47E5-9F97-33A2E6E4D644}.Debug|Any CPU.ActiveCfg = Debug|Any CPU
		{A662CF38-C0B9-47E5-9F97-33A2E6E4D644}.Debug|Any CPU.Build.0 = Debug|Any CPU
		{A662CF38-C0B9-47E5-9F97-33A2E6E4D644}.Debug|x64.ActiveCfg = Debug|Any CPU
		{A662CF38-C0B9-47E5-9F97-33A2E6E4D644}.Debug|x64.Build.0 = Debug|Any CPU
		{A662CF38-C0B9-47E5-9F97-33A2E6E4D644}.Debug|x86.ActiveCfg = Debug|Any CPU
		{A662CF38-C0B9-47E5-9F97-33A2E6E4D644}.Debug|x86.Build.0 = Debug|Any CPU
		{A662CF38-C0B9-47E5-9F97-33A2E6E4D644}.Release|Any CPU.ActiveCfg = Release|Any CPU
		{A662CF38-C0B9-47E5-9F97-33A2E6E4D644}.Release|Any CPU.Build.0 = Release|Any CPU
		{A662CF38-C0B9-47E5-9F97-33A2E6E4D644}.Release|x64.ActiveCfg = Release|Any CPU
		{A662CF38-C0B9-47E5-9F97-33A2E6E4D644}.Release|x64.Build.0 = Release|Any CPU
		{A662CF38-C0B9-47E5-9F97-33A2E6E4D644}.Release|x86.ActiveCfg = Release|Any CPU
		{A662CF38-C0B9-47E5-9F97-33A2E6E4D644}.Release|x86.Build.0 = Release|Any CPU
	EndGlobalSection
EndGlobal
