
Microsoft Visual Studio Solution File, Format Version 12.00
# Visual Studio 15
VisualStudioVersion = 15.0.26124.0
MinimumVisualStudioVersion = 15.0.26124.0
Project("{FAE04EC0-301F-11D3-BF4B-00C04F79EFBC}") = "Threads", "Threads\Threads.csproj", "{391ED4EB-C300-4911-8AEF-2E922A19C57B}"
EndProject
Project("{FAE04EC0-301F-11D3-BF4B-00C04F79EFBC}") = "Exercicio1", "Exercicio1\Exercicio1.csproj", "{D3AFF15F-D630-4AE4-82C7-9E47FD4623EB}"
EndProject
Project("{FAE04EC0-301F-11D3-BF4B-00C04F79EFBC}") = "Exercicio1Lock", "Exercicio1Lock\Exercicio1Lock.csproj", "{81E792C9-7F33-44AF-94D0-2D11BC53E13E}"
EndProject
Project("{FAE04EC0-301F-11D3-BF4B-00C04F79EFBC}") = "Exercicio2", "Exercicio2\Exercicio2.csproj", "{DF2E43AB-309F-41A5-B204-90DAA7E3778A}"
EndProject
Project("{FAE04EC0-301F-11D3-BF4B-00C04F79EFBC}") = "Exercicio3", "Exercicio3\Exercicio3.csproj", "{BE272795-763A-4253-8102-D61592CCD304}"
EndProject
Project("{FAE04EC0-301F-11D3-BF4B-00C04F79EFBC}") = "Exercicio5", "Exercicio5\Exercicio5.csproj", "{BF6387D6-3986-4D92-B02D-1092A4FF2601}"
EndProject
Project("{FAE04EC0-301F-11D3-BF4B-00C04F79EFBC}") = "Exercicio6", "Exercicio6\Exercicio6.csproj", "{E1F7DB13-2AA2-4396-B4EA-CA70CE3F63E1}"
EndProject
Global
	GlobalSection(SolutionConfigurationPlatforms) = preSolution
		Debug|Any CPU = Debug|Any CPU
		Debug|x64 = Debug|x64
		Debug|x86 = Debug|x86
		Release|Any CPU = Release|Any CPU
		Release|x64 = Release|x64
		Release|x86 = Release|x86
	EndGlobalSection
	GlobalSection(SolutionProperties) = preSolution
		HideSolutionNode = FALSE
	EndGlobalSection
	GlobalSection(ProjectConfigurationPlatforms) = postSolution
		{391ED4EB-C300-4911-8AEF-2E922A19C57B}.Debug|Any CPU.ActiveCfg = Debug|Any CPU
		{391ED4EB-C300-4911-8AEF-2E922A19C57B}.Debug|Any CPU.Build.0 = Debug|Any CPU
		{391ED4EB-C300-4911-8AEF-2E922A19C57B}.Debug|x64.ActiveCfg = Debug|Any CPU
		{391ED4EB-C300-4911-8AEF-2E922A19C57B}.Debug|x64.Build.0 = Debug|Any CPU
		{391ED4EB-C300-4911-8AEF-2E922A19C57B}.Debug|x86.ActiveCfg = Debug|Any CPU
		{391ED4EB-C300-4911-8AEF-2E922A19C57B}.Debug|x86.Build.0 = Debug|Any CPU
		{391ED4EB-C300-4911-8AEF-2E922A19C57B}.Release|Any CPU.ActiveCfg = Release|Any CPU
		{391ED4EB-C300-4911-8AEF-2E922A19C57B}.Release|Any CPU.Build.0 = Release|Any CPU
		{391ED4EB-C300-4911-8AEF-2E922A19C57B}.Release|x64.ActiveCfg = Release|Any CPU
		{391ED4EB-C300-4911-8AEF-2E922A19C57B}.Release|x64.Build.0 = Release|Any CPU
		{391ED4EB-C300-4911-8AEF-2E922A19C57B}.Release|x86.ActiveCfg = Release|Any CPU
		{391ED4EB-C300-4911-8AEF-2E922A19C57B}.Release|x86.Build.0 = Release|Any CPU
		{D3AFF15F-D630-4AE4-82C7-9E47FD4623EB}.Debug|Any CPU.ActiveCfg = Debug|Any CPU
		{D3AFF15F-D630-4AE4-82C7-9E47FD4623EB}.Debug|Any CPU.Build.0 = Debug|Any CPU
		{D3AFF15F-D630-4AE4-82C7-9E47FD4623EB}.Debug|x64.ActiveCfg = Debug|Any CPU
		{D3AFF15F-D630-4AE4-82C7-9E47FD4623EB}.Debug|x64.Build.0 = Debug|Any CPU
		{D3AFF15F-D630-4AE4-82C7-9E47FD4623EB}.Debug|x86.ActiveCfg = Debug|Any CPU
		{D3AFF15F-D630-4AE4-82C7-9E47FD4623EB}.Debug|x86.Build.0 = Debug|Any CPU
		{D3AFF15F-D630-4AE4-82C7-9E47FD4623EB}.Release|Any CPU.ActiveCfg = Release|Any CPU
		{D3AFF15F-D630-4AE4-82C7-9E47FD4623EB}.Release|Any CPU.Build.0 = Release|Any CPU
		{D3AFF15F-D630-4AE4-82C7-9E47FD4623EB}.Release|x64.ActiveCfg = Release|Any CPU
		{D3AFF15F-D630-4AE4-82C7-9E47FD4623EB}.Release|x64.Build.0 = Release|Any CPU
		{D3AFF15F-D630-4AE4-82C7-9E47FD4623EB}.Release|x86.ActiveCfg = Release|Any CPU
		{D3AFF15F-D630-4AE4-82C7-9E47FD4623EB}.Release|x86.Build.0 = Release|Any CPU
		{81E792C9-7F33-44AF-94D0-2D11BC53E13E}.Debug|Any CPU.ActiveCfg = Debug|Any CPU
		{81E792C9-7F33-44AF-94D0-2D11BC53E13E}.Debug|Any CPU.Build.0 = Debug|Any CPU
		{81E792C9-7F33-44AF-94D0-2D11BC53E13E}.Debug|x64.ActiveCfg = Debug|Any CPU
		{81E792C9-7F33-44AF-94D0-2D11BC53E13E}.Debug|x64.Build.0 = Debug|Any CPU
		{81E792C9-7F33-44AF-94D0-2D11BC53E13E}.Debug|x86.ActiveCfg = Debug|Any CPU
		{81E792C9-7F33-44AF-94D0-2D11BC53E13E}.Debug|x86.Build.0 = Debug|Any CPU
		{81E792C9-7F33-44AF-94D0-2D11BC53E13E}.Release|Any CPU.ActiveCfg = Release|Any CPU
		{81E792C9-7F33-44AF-94D0-2D11BC53E13E}.Release|Any CPU.Build.0 = Release|Any CPU
		{81E792C9-7F33-44AF-94D0-2D11BC53E13E}.Release|x64.ActiveCfg = Release|Any CPU
		{81E792C9-7F33-44AF-94D0-2D11BC53E13E}.Release|x64.Build.0 = Release|Any CPU
		{81E792C9-7F33-44AF-94D0-2D11BC53E13E}.Release|x86.ActiveCfg = Release|Any CPU
		{81E792C9-7F33-44AF-94D0-2D11BC53E13E}.Release|x86.Build.0 = Release|Any CPU
		{DF2E43AB-309F-41A5-B204-90DAA7E3778A}.Debug|Any CPU.ActiveCfg = Debug|Any CPU
		{DF2E43AB-309F-41A5-B204-90DAA7E3778A}.Debug|Any CPU.Build.0 = Debug|Any CPU
		{DF2E43AB-309F-41A5-B204-90DAA7E3778A}.Debug|x64.ActiveCfg = Debug|Any CPU
		{DF2E43AB-309F-41A5-B204-90DAA7E3778A}.Debug|x64.Build.0 = Debug|Any CPU
		{DF2E43AB-309F-41A5-B204-90DAA7E3778A}.Debug|x86.ActiveCfg = Debug|Any CPU
		{DF2E43AB-309F-41A5-B204-90DAA7E3778A}.Debug|x86.Build.0 = Debug|Any CPU
		{DF2E43AB-309F-41A5-B204-90DAA7E3778A}.Release|Any CPU.ActiveCfg = Release|Any CPU
		{DF2E43AB-309F-41A5-B204-90DAA7E3778A}.Release|Any CPU.Build.0 = Release|Any CPU
		{DF2E43AB-309F-41A5-B204-90DAA7E3778A}.Release|x64.ActiveCfg = Release|Any CPU
		{DF2E43AB-309F-41A5-B204-90DAA7E3778A}.Release|x64.Build.0 = Release|Any CPU
		{DF2E43AB-309F-41A5-B204-90DAA7E3778A}.Release|x86.ActiveCfg = Release|Any CPU
		{DF2E43AB-309F-41A5-B204-90DAA7E3778A}.Release|x86.Build.0 = Release|Any CPU
		{BE272795-763A-4253-8102-D61592CCD304}.Debug|Any CPU.ActiveCfg = Debug|Any CPU
		{BE272795-763A-4253-8102-D61592CCD304}.Debug|Any CPU.Build.0 = Debug|Any CPU
		{BE272795-763A-4253-8102-D61592CCD304}.Debug|x64.ActiveCfg = Debug|Any CPU
		{BE272795-763A-4253-8102-D61592CCD304}.Debug|x64.Build.0 = Debug|Any CPU
		{BE272795-763A-4253-8102-D61592CCD304}.Debug|x86.ActiveCfg = Debug|Any CPU
		{BE272795-763A-4253-8102-D61592CCD304}.Debug|x86.Build.0 = Debug|Any CPU
		{BE272795-763A-4253-8102-D61592CCD304}.Release|Any CPU.ActiveCfg = Release|Any CPU
		{BE272795-763A-4253-8102-D61592CCD304}.Release|Any CPU.Build.0 = Release|Any CPU
		{BE272795-763A-4253-8102-D61592CCD304}.Release|x64.ActiveCfg = Release|Any CPU
		{BE272795-763A-4253-8102-D61592CCD304}.Release|x64.Build.0 = Release|Any CPU
		{BE272795-763A-4253-8102-D61592CCD304}.Release|x86.ActiveCfg = Release|Any CPU
		{BE272795-763A-4253-8102-D61592CCD304}.Release|x86.Build.0 = Release|Any CPU
		{BF6387D6-3986-4D92-B02D-1092A4FF2601}.Debug|Any CPU.ActiveCfg = Debug|Any CPU
		{BF6387D6-3986-4D92-B02D-1092A4FF2601}.Debug|Any CPU.Build.0 = Debug|Any CPU
		{BF6387D6-3986-4D92-B02D-1092A4FF2601}.Debug|x64.ActiveCfg = Debug|Any CPU
		{BF6387D6-3986-4D92-B02D-1092A4FF2601}.Debug|x64.Build.0 = Debug|Any CPU
		{BF6387D6-3986-4D92-B02D-1092A4FF2601}.Debug|x86.ActiveCfg = Debug|Any CPU
		{BF6387D6-3986-4D92-B02D-1092A4FF2601}.Debug|x86.Build.0 = Debug|Any CPU
		{BF6387D6-3986-4D92-B02D-1092A4FF2601}.Release|Any CPU.ActiveCfg = Release|Any CPU
		{BF6387D6-3986-4D92-B02D-1092A4FF2601}.Release|Any CPU.Build.0 = Release|Any CPU
		{BF6387D6-3986-4D92-B02D-1092A4FF2601}.Release|x64.ActiveCfg = Release|Any CPU
		{BF6387D6-3986-4D92-B02D-1092A4FF2601}.Release|x64.Build.0 = Release|Any CPU
		{BF6387D6-3986-4D92-B02D-1092A4FF2601}.Release|x86.ActiveCfg = Release|Any CPU
		{BF6387D6-3986-4D92-B02D-1092A4FF2601}.Release|x86.Build.0 = Release|Any CPU
		{E1F7DB13-2AA2-4396-B4EA-CA70CE3F63E1}.Debug|Any CPU.ActiveCfg = Debug|Any CPU
		{E1F7DB13-2AA2-4396-B4EA-CA70CE3F63E1}.Debug|Any CPU.Build.0 = Debug|Any CPU
		{E1F7DB13-2AA2-4396-B4EA-CA70CE3F63E1}.Debug|x64.ActiveCfg = Debug|Any CPU
		{E1F7DB13-2AA2-4396-B4EA-CA70CE3F63E1}.Debug|x64.Build.0 = Debug|Any CPU
		{E1F7DB13-2AA2-4396-B4EA-CA70CE3F63E1}.Debug|x86.ActiveCfg = Debug|Any CPU
		{E1F7DB13-2AA2-4396-B4EA-CA70CE3F63E1}.Debug|x86.Build.0 = Debug|Any CPU
		{E1F7DB13-2AA2-4396-B4EA-CA70CE3F63E1}.Release|Any CPU.ActiveCfg = Release|Any CPU
		{E1F7DB13-2AA2-4396-B4EA-CA70CE3F63E1}.Release|Any CPU.Build.0 = Release|Any CPU
		{E1F7DB13-2AA2-4396-B4EA-CA70CE3F63E1}.Release|x64.ActiveCfg = Release|Any CPU
		{E1F7DB13-2AA2-4396-B4EA-CA70CE3F63E1}.Release|x64.Build.0 = Release|Any CPU
		{E1F7DB13-2AA2-4396-B4EA-CA70CE3F63E1}.Release|x86.ActiveCfg = Release|Any CPU
		{E1F7DB13-2AA2-4396-B4EA-CA70CE3F63E1}.Release|x86.Build.0 = Release|Any CPU
	EndGlobalSection
EndGlobal
