
Microsoft Visual Studio Solution File, Format Version 12.00
# Visual Studio 15
VisualStudioVersion = 15.0.26124.0
MinimumVisualStudioVersion = 15.0.26124.0
Project("{FAE04EC0-301F-11D3-BF4B-00C04F79EFBC}") = "Exercicio02", "Exercicio02\Exercicio02.csproj", "{F5D65050-6429-4320-9FF6-8652BE8DAF0B}"
EndProject
Project("{FAE04EC0-301F-11D3-BF4B-00C04F79EFBC}") = "Exercicio03", "Exercicio03\Exercicio03.csproj", "{E5B4B0DF-2CFD-4128-AA46-FD73C3C14A6C}"
EndProject
Project("{FAE04EC0-301F-11D3-BF4B-00C04F79EFBC}") = "Exercicio04", "Exercicio04\Exercicio04.csproj", "{35422E15-078A-4BAC-AC1C-58D2DC5A9A06}"
EndProject
Project("{FAE04EC0-301F-11D3-BF4B-00C04F79EFBC}") = "Exercicio05", "Exercicio05\Exercicio05.csproj", "{B0369760-79CE-4B37-A0C9-26754E2CBFEC}"
EndProject
Project("{FAE04EC0-301F-11D3-BF4B-00C04F79EFBC}") = "Exercicio06", "Exercicio06\Exercicio06.csproj", "{14DDB328-4C0B-4867-9C2F-B6A5B90E562C}"
EndProject
Project("{FAE04EC0-301F-11D3-BF4B-00C04F79EFBC}") = "Exercicio07", "Exercicio07\Exercicio07.csproj", "{7F5424E9-C929-423D-A191-60566B6596DD}"
EndProject
Project("{FAE04EC0-301F-11D3-BF4B-00C04F79EFBC}") = "Exercicio09", "Exercicio09\Exercicio09.csproj", "{D4229138-E226-424F-ADB3-5BB97F4DDEE4}"
EndProject
Project("{FAE04EC0-301F-11D3-BF4B-00C04F79EFBC}") = "Exercicio10", "Exercicio10\Exercicio10.csproj", "{2E06D192-12E5-4CAA-B1DB-91BB3CB54F4C}"
EndProject
Project("{FAE04EC0-301F-11D3-BF4B-00C04F79EFBC}") = "Exercicio11", "Exercicio11\Exercicio11.csproj", "{3239367E-9C41-4326-A33A-0EEC5E914A7C}"
EndProject
Project("{FAE04EC0-301F-11D3-BF4B-00C04F79EFBC}") = "Exercicio12", "Exercicio12\Exercicio12.csproj", "{5FE80CA7-5D31-40FE-B748-852E1C039ECA}"
EndProject
Global
	GlobalSection(SolutionConfigurationPlatforms) = preSolution
		Debug|Any CPU = Debug|Any CPU
		Debug|x64 = Debug|x64
		Debug|x86 = Debug|x86
		Release|Any CPU = Release|Any CPU
		Release|x64 = Release|x64
		Release|x86 = Release|x86
	EndGlobalSection
	GlobalSection(SolutionProperties) = preSolution
		HideSolutionNode = FALSE
	EndGlobalSection
	GlobalSection(ProjectConfigurationPlatforms) = postSolution
		{F5D65050-6429-4320-9FF6-8652BE8DAF0B}.Debug|Any CPU.ActiveCfg = Debug|Any CPU
		{F5D65050-6429-4320-9FF6-8652BE8DAF0B}.Debug|Any CPU.Build.0 = Debug|Any CPU
		{F5D65050-6429-4320-9FF6-8652BE8DAF0B}.Debug|x64.ActiveCfg = Debug|Any CPU
		{F5D65050-6429-4320-9FF6-8652BE8DAF0B}.Debug|x64.Build.0 = Debug|Any CPU
		{F5D65050-6429-4320-9FF6-8652BE8DAF0B}.Debug|x86.ActiveCfg = Debug|Any CPU
		{F5D65050-6429-4320-9FF6-8652BE8DAF0B}.Debug|x86.Build.0 = Debug|Any CPU
		{F5D65050-6429-4320-9FF6-8652BE8DAF0B}.Release|Any CPU.ActiveCfg = Release|Any CPU
		{F5D65050-6429-4320-9FF6-8652BE8DAF0B}.Release|Any CPU.Build.0 = Release|Any CPU
		{F5D65050-6429-4320-9FF6-8652BE8DAF0B}.Release|x64.ActiveCfg = Release|Any CPU
		{F5D65050-6429-4320-9FF6-8652BE8DAF0B}.Release|x64.Build.0 = Release|Any CPU
		{F5D65050-6429-4320-9FF6-8652BE8DAF0B}.Release|x86.ActiveCfg = Release|Any CPU
		{F5D65050-6429-4320-9FF6-8652BE8DAF0B}.Release|x86.Build.0 = Release|Any CPU
		{E5B4B0DF-2CFD-4128-AA46-FD73C3C14A6C}.Debug|Any CPU.ActiveCfg = Debug|Any CPU
		{E5B4B0DF-2CFD-4128-AA46-FD73C3C14A6C}.Debug|Any CPU.Build.0 = Debug|Any CPU
		{E5B4B0DF-2CFD-4128-AA46-FD73C3C14A6C}.Debug|x64.ActiveCfg = Debug|Any CPU
		{E5B4B0DF-2CFD-4128-AA46-FD73C3C14A6C}.Debug|x64.Build.0 = Debug|Any CPU
		{E5B4B0DF-2CFD-4128-AA46-FD73C3C14A6C}.Debug|x86.ActiveCfg = Debug|Any CPU
		{E5B4B0DF-2CFD-4128-AA46-FD73C3C14A6C}.Debug|x86.Build.0 = Debug|Any CPU
		{E5B4B0DF-2CFD-4128-AA46-FD73C3C14A6C}.Release|Any CPU.ActiveCfg = Release|Any CPU
		{E5B4B0DF-2CFD-4128-AA46-FD73C3C14A6C}.Release|Any CPU.Build.0 = Release|Any CPU
		{E5B4B0DF-2CFD-4128-AA46-FD73C3C14A6C}.Release|x64.ActiveCfg = Release|Any CPU
		{E5B4B0DF-2CFD-4128-AA46-FD73C3C14A6C}.Release|x64.Build.0 = Release|Any CPU
		{E5B4B0DF-2CFD-4128-AA46-FD73C3C14A6C}.Release|x86.ActiveCfg = Release|Any CPU
		{E5B4B0DF-2CFD-4128-AA46-FD73C3C14A6C}.Release|x86.Build.0 = Release|Any CPU
		{35422E15-078A-4BAC-AC1C-58D2DC5A9A06}.Debug|Any CPU.ActiveCfg = Debug|Any CPU
		{35422E15-078A-4BAC-AC1C-58D2DC5A9A06}.Debug|Any CPU.Build.0 = Debug|Any CPU
		{35422E15-078A-4BAC-AC1C-58D2DC5A9A06}.Debug|x64.ActiveCfg = Debug|Any CPU
		{35422E15-078A-4BAC-AC1C-58D2DC5A9A06}.Debug|x64.Build.0 = Debug|Any CPU
		{35422E15-078A-4BAC-AC1C-58D2DC5A9A06}.Debug|x86.ActiveCfg = Debug|Any CPU
		{35422E15-078A-4BAC-AC1C-58D2DC5A9A06}.Debug|x86.Build.0 = Debug|Any CPU
		{35422E15-078A-4BAC-AC1C-58D2DC5A9A06}.Release|Any CPU.ActiveCfg = Release|Any CPU
		{35422E15-078A-4BAC-AC1C-58D2DC5A9A06}.Release|Any CPU.Build.0 = Release|Any CPU
		{35422E15-078A-4BAC-AC1C-58D2DC5A9A06}.Release|x64.ActiveCfg = Release|Any CPU
		{35422E15-078A-4BAC-AC1C-58D2DC5A9A06}.Release|x64.Build.0 = Release|Any CPU
		{35422E15-078A-4BAC-AC1C-58D2DC5A9A06}.Release|x86.ActiveCfg = Release|Any CPU
		{35422E15-078A-4BAC-AC1C-58D2DC5A9A06}.Release|x86.Build.0 = Release|Any CPU
		{B0369760-79CE-4B37-A0C9-26754E2CBFEC}.Debug|Any CPU.ActiveCfg = Debug|Any CPU
		{B0369760-79CE-4B37-A0C9-26754E2CBFEC}.Debug|Any CPU.Build.0 = Debug|Any CPU
		{B0369760-79CE-4B37-A0C9-26754E2CBFEC}.Debug|x64.ActiveCfg = Debug|Any CPU
		{B0369760-79CE-4B37-A0C9-26754E2CBFEC}.Debug|x64.Build.0 = Debug|Any CPU
		{B0369760-79CE-4B37-A0C9-26754E2CBFEC}.Debug|x86.ActiveCfg = Debug|Any CPU
		{B0369760-79CE-4B37-A0C9-26754E2CBFEC}.Debug|x86.Build.0 = Debug|Any CPU
		{B0369760-79CE-4B37-A0C9-26754E2CBFEC}.Release|Any CPU.ActiveCfg = Release|Any CPU
		{B0369760-79CE-4B37-A0C9-26754E2CBFEC}.Release|Any CPU.Build.0 = Release|Any CPU
		{B0369760-79CE-4B37-A0C9-26754E2CBFEC}.Release|x64.ActiveCfg = Release|Any CPU
		{B0369760-79CE-4B37-A0C9-26754E2CBFEC}.Release|x64.Build.0 = Release|Any CPU
		{B0369760-79CE-4B37-A0C9-26754E2CBFEC}.Release|x86.ActiveCfg = Release|Any CPU
		{B0369760-79CE-4B37-A0C9-26754E2CBFEC}.Release|x86.Build.0 = Release|Any CPU
		{14DDB328-4C0B-4867-9C2F-B6A5B90E562C}.Debug|Any CPU.ActiveCfg = Debug|Any CPU
		{14DDB328-4C0B-4867-9C2F-B6A5B90E562C}.Debug|Any CPU.Build.0 = Debug|Any CPU
		{14DDB328-4C0B-4867-9C2F-B6A5B90E562C}.Debug|x64.ActiveCfg = Debug|Any CPU
		{14DDB328-4C0B-4867-9C2F-B6A5B90E562C}.Debug|x64.Build.0 = Debug|Any CPU
		{14DDB328-4C0B-4867-9C2F-B6A5B90E562C}.Debug|x86.ActiveCfg = Debug|Any CPU
		{14DDB328-4C0B-4867-9C2F-B6A5B90E562C}.Debug|x86.Build.0 = Debug|Any CPU
		{14DDB328-4C0B-4867-9C2F-B6A5B90E562C}.Release|Any CPU.ActiveCfg = Release|Any CPU
		{14DDB328-4C0B-4867-9C2F-B6A5B90E562C}.Release|Any CPU.Build.0 = Release|Any CPU
		{14DDB328-4C0B-4867-9C2F-B6A5B90E562C}.Release|x64.ActiveCfg = Release|Any CPU
		{14DDB328-4C0B-4867-9C2F-B6A5B90E562C}.Release|x64.Build.0 = Release|Any CPU
		{14DDB328-4C0B-4867-9C2F-B6A5B90E562C}.Release|x86.ActiveCfg = Release|Any CPU
		{14DDB328-4C0B-4867-9C2F-B6A5B90E562C}.Release|x86.Build.0 = Release|Any CPU
		{7F5424E9-C929-423D-A191-60566B6596DD}.Debug|Any CPU.ActiveCfg = Debug|Any CPU
		{7F5424E9-C929-423D-A191-60566B6596DD}.Debug|Any CPU.Build.0 = Debug|Any CPU
		{7F5424E9-C929-423D-A191-60566B6596DD}.Debug|x64.ActiveCfg = Debug|Any CPU
		{7F5424E9-C929-423D-A191-60566B6596DD}.Debug|x64.Build.0 = Debug|Any CPU
		{7F5424E9-C929-423D-A191-60566B6596DD}.Debug|x86.ActiveCfg = Debug|Any CPU
		{7F5424E9-C929-423D-A191-60566B6596DD}.Debug|x86.Build.0 = Debug|Any CPU
		{7F5424E9-C929-423D-A191-60566B6596DD}.Release|Any CPU.ActiveCfg = Release|Any CPU
		{7F5424E9-C929-423D-A191-60566B6596DD}.Release|Any CPU.Build.0 = Release|Any CPU
		{7F5424E9-C929-423D-A191-60566B6596DD}.Release|x64.ActiveCfg = Release|Any CPU
		{7F5424E9-C929-423D-A191-60566B6596DD}.Release|x64.Build.0 = Release|Any CPU
		{7F5424E9-C929-423D-A191-60566B6596DD}.Release|x86.ActiveCfg = Release|Any CPU
		{7F5424E9-C929-423D-A191-60566B6596DD}.Release|x86.Build.0 = Release|Any CPU
		{D4229138-E226-424F-ADB3-5BB97F4DDEE4}.Debug|Any CPU.ActiveCfg = Debug|Any CPU
		{D4229138-E226-424F-ADB3-5BB97F4DDEE4}.Debug|Any CPU.Build.0 = Debug|Any CPU
		{D4229138-E226-424F-ADB3-5BB97F4DDEE4}.Debug|x64.ActiveCfg = Debug|Any CPU
		{D4229138-E226-424F-ADB3-5BB97F4DDEE4}.Debug|x64.Build.0 = Debug|Any CPU
		{D4229138-E226-424F-ADB3-5BB97F4DDEE4}.Debug|x86.ActiveCfg = Debug|Any CPU
		{D4229138-E226-424F-ADB3-5BB97F4DDEE4}.Debug|x86.Build.0 = Debug|Any CPU
		{D4229138-E226-424F-ADB3-5BB97F4DDEE4}.Release|Any CPU.ActiveCfg = Release|Any CPU
		{D4229138-E226-424F-ADB3-5BB97F4DDEE4}.Release|Any CPU.Build.0 = Release|Any CPU
		{D4229138-E226-424F-ADB3-5BB97F4DDEE4}.Release|x64.ActiveCfg = Release|Any CPU
		{D4229138-E226-424F-ADB3-5BB97F4DDEE4}.Release|x64.Build.0 = Release|Any CPU
		{D4229138-E226-424F-ADB3-5BB97F4DDEE4}.Release|x86.ActiveCfg = Release|Any CPU
		{D4229138-E226-424F-ADB3-5BB97F4DDEE4}.Release|x86.Build.0 = Release|Any CPU
		{2E06D192-12E5-4CAA-B1DB-91BB3CB54F4C}.Debug|Any CPU.ActiveCfg = Debug|Any CPU
		{2E06D192-12E5-4CAA-B1DB-91BB3CB54F4C}.Debug|Any CPU.Build.0 = Debug|Any CPU
		{2E06D192-12E5-4CAA-B1DB-91BB3CB54F4C}.Debug|x64.ActiveCfg = Debug|Any CPU
		{2E06D192-12E5-4CAA-B1DB-91BB3CB54F4C}.Debug|x64.Build.0 = Debug|Any CPU
		{2E06D192-12E5-4CAA-B1DB-91BB3CB54F4C}.Debug|x86.ActiveCfg = Debug|Any CPU
		{2E06D192-12E5-4CAA-B1DB-91BB3CB54F4C}.Debug|x86.Build.0 = Debug|Any CPU
		{2E06D192-12E5-4CAA-B1DB-91BB3CB54F4C}.Release|Any CPU.ActiveCfg = Release|Any CPU
		{2E06D192-12E5-4CAA-B1DB-91BB3CB54F4C}.Release|Any CPU.Build.0 = Release|Any CPU
		{2E06D192-12E5-4CAA-B1DB-91BB3CB54F4C}.Release|x64.ActiveCfg = Release|Any CPU
		{2E06D192-12E5-4CAA-B1DB-91BB3CB54F4C}.Release|x64.Build.0 = Release|Any CPU
		{2E06D192-12E5-4CAA-B1DB-91BB3CB54F4C}.Release|x86.ActiveCfg = Release|Any CPU
		{2E06D192-12E5-4CAA-B1DB-91BB3CB54F4C}.Release|x86.Build.0 = Release|Any CPU
		{3239367E-9C41-4326-A33A-0EEC5E914A7C}.Debug|Any CPU.ActiveCfg = Debug|Any CPU
		{3239367E-9C41-4326-A33A-0EEC5E914A7C}.Debug|Any CPU.Build.0 = Debug|Any CPU
		{3239367E-9C41-4326-A33A-0EEC5E914A7C}.Debug|x64.ActiveCfg = Debug|Any CPU
		{3239367E-9C41-4326-A33A-0EEC5E914A7C}.Debug|x64.Build.0 = Debug|Any CPU
		{3239367E-9C41-4326-A33A-0EEC5E914A7C}.Debug|x86.ActiveCfg = Debug|Any CPU
		{3239367E-9C41-4326-A33A-0EEC5E914A7C}.Debug|x86.Build.0 = Debug|Any CPU
		{3239367E-9C41-4326-A33A-0EEC5E914A7C}.Release|Any CPU.ActiveCfg = Release|Any CPU
		{3239367E-9C41-4326-A33A-0EEC5E914A7C}.Release|Any CPU.Build.0 = Release|Any CPU
		{3239367E-9C41-4326-A33A-0EEC5E914A7C}.Release|x64.ActiveCfg = Release|Any CPU
		{3239367E-9C41-4326-A33A-0EEC5E914A7C}.Release|x64.Build.0 = Release|Any CPU
		{3239367E-9C41-4326-A33A-0EEC5E914A7C}.Release|x86.ActiveCfg = Release|Any CPU
		{3239367E-9C41-4326-A33A-0EEC5E914A7C}.Release|x86.Build.0 = Release|Any CPU
		{5FE80CA7-5D31-40FE-B748-852E1C039ECA}.Debug|Any CPU.ActiveCfg = Debug|Any CPU
		{5FE80CA7-5D31-40FE-B748-852E1C039ECA}.Debug|Any CPU.Build.0 = Debug|Any CPU
		{5FE80CA7-5D31-40FE-B748-852E1C039ECA}.Debug|x64.ActiveCfg = Debug|Any CPU
		{5FE80CA7-5D31-40FE-B748-852E1C039ECA}.Debug|x64.Build.0 = Debug|Any CPU
		{5FE80CA7-5D31-40FE-B748-852E1C039ECA}.Debug|x86.ActiveCfg = Debug|Any CPU
		{5FE80CA7-5D31-40FE-B748-852E1C039ECA}.Debug|x86.Build.0 = Debug|Any CPU
		{5FE80CA7-5D31-40FE-B748-852E1C039ECA}.Release|Any CPU.ActiveCfg = Release|Any CPU
		{5FE80CA7-5D31-40FE-B748-852E1C039ECA}.Release|Any CPU.Build.0 = Release|Any CPU
		{5FE80CA7-5D31-40FE-B748-852E1C039ECA}.Release|x64.ActiveCfg = Release|Any CPU
		{5FE80CA7-5D31-40FE-B748-852E1C039ECA}.Release|x64.Build.0 = Release|Any CPU
		{5FE80CA7-5D31-40FE-B748-852E1C039ECA}.Release|x86.ActiveCfg = Release|Any CPU
		{5FE80CA7-5D31-40FE-B748-852E1C039ECA}.Release|x86.Build.0 = Release|Any CPU
	EndGlobalSection
EndGlobal
